// !$*UTF8*$!
{
	archiveVersion = 1;
	classes = {
	};
	objectVersion = 50;
	objects = {

/* Begin PBXBuildFile section */
		9B0865F823FB88BC0040A6EC /* CandyView.xib in Resources */ = {isa = PBXBuildFile; fileRef = 9B0865F723FB88BC0040A6EC /* CandyView.xib */; };
		9B13C68D24124E9700D7221E /* Viewable.swift in Sources */ = {isa = PBXBuildFile; fileRef = 9B13C68C24124E9700D7221E /* Viewable.swift */; };
		9B3735C5240F882900D0B09B /* CandyRouter.swift in Sources */ = {isa = PBXBuildFile; fileRef = 9B3735C4240F882900D0B09B /* CandyRouter.swift */; };
		9B89C8A223F6BA3A00DB443C /* AppDelegate.swift in Sources */ = {isa = PBXBuildFile; fileRef = 9B89C8A123F6BA3A00DB443C /* AppDelegate.swift */; };
		9B89C8AB23F6BA3C00DB443C /* Assets.xcassets in Resources */ = {isa = PBXBuildFile; fileRef = 9B89C8AA23F6BA3C00DB443C /* Assets.xcassets */; };
		9B89C8AE23F6BA3C00DB443C /* LaunchScreen.storyboard in Resources */ = {isa = PBXBuildFile; fileRef = 9B89C8AC23F6BA3C00DB443C /* LaunchScreen.storyboard */; };
		9B89C8B623F6BA6400DB443C /* CandyEntity.swift in Sources */ = {isa = PBXBuildFile; fileRef = 9B89C8B523F6BA6400DB443C /* CandyEntity.swift */; };
		9B89C8B823F6BA8E00DB443C /* CandyWorker.swift in Sources */ = {isa = PBXBuildFile; fileRef = 9B89C8B723F6BA8E00DB443C /* CandyWorker.swift */; };
		9B89C8BA23F6BB5000DB443C /* CandyInteractor.swift in Sources */ = {isa = PBXBuildFile; fileRef = 9B89C8B923F6BB5000DB443C /* CandyInteractor.swift */; };
		9B89C8BC23F6BD3800DB443C /* CandyPresenter.swift in Sources */ = {isa = PBXBuildFile; fileRef = 9B89C8BB23F6BD3800DB443C /* CandyPresenter.swift */; };
		9B89C8C023F6BE6700DB443C /* CandyView.swift in Sources */ = {isa = PBXBuildFile; fileRef = 9B89C8BF23F6BE6700DB443C /* CandyView.swift */; };
		9B89C8C223F6C2F700DB443C /* CandyBuilder.swift in Sources */ = {isa = PBXBuildFile; fileRef = 9B89C8C123F6C2F700DB443C /* CandyBuilder.swift */; };
		9BFBE81423FFC880006E4920 /* MainView.xib in Resources */ = {isa = PBXBuildFile; fileRef = 9BFBE81323FFC880006E4920 /* MainView.xib */; };
		9BFBE81823FFC992006E4920 /* MainEntity.swift in Sources */ = {isa = PBXBuildFile; fileRef = 9BFBE81723FFC992006E4920 /* MainEntity.swift */; };
		9BFBE81A23FFC9AE006E4920 /* MainInteractor.swift in Sources */ = {isa = PBXBuildFile; fileRef = 9BFBE81923FFC9AE006E4920 /* MainInteractor.swift */; };
		9BFBE81C23FFC9BD006E4920 /* MainPresenter.swift in Sources */ = {isa = PBXBuildFile; fileRef = 9BFBE81B23FFC9BD006E4920 /* MainPresenter.swift */; };
		9BFBE81E23FFC9C4006E4920 /* MainRouter.swift in Sources */ = {isa = PBXBuildFile; fileRef = 9BFBE81D23FFC9C4006E4920 /* MainRouter.swift */; };
		9BFBE82023FFC9CE006E4920 /* MainBuilder.swift in Sources */ = {isa = PBXBuildFile; fileRef = 9BFBE81F23FFC9CE006E4920 /* MainBuilder.swift */; };
		9BFBE82223FFC9DA006E4920 /* MainWorker.swift in Sources */ = {isa = PBXBuildFile; fileRef = 9BFBE82123FFC9DA006E4920 /* MainWorker.swift */; };
		9BFBE82623FFCC35006E4920 /* MainView.swift in Sources */ = {isa = PBXBuildFile; fileRef = 9BFBE82523FFCC35006E4920 /* MainView.swift */; };
/* End PBXBuildFile section */

/* Begin PBXFileReference section */
		9B0865F723FB88BC0040A6EC /* CandyView.xib */ = {isa = PBXFileReference; lastKnownFileType = file.xib; path = CandyView.xib; sourceTree = "<group>"; };
		9B13C68C24124E9700D7221E /* Viewable.swift */ = {isa = PBXFileReference; lastKnownFileType = sourcecode.swift; path = Viewable.swift; sourceTree = "<group>"; };
		9B3735C4240F882900D0B09B /* CandyRouter.swift */ = {isa = PBXFileReference; lastKnownFileType = sourcecode.swift; path = CandyRouter.swift; sourceTree = "<group>"; };
		9B89C89E23F6BA3A00DB443C /* ViperPractice.app */ = {isa = PBXFileReference; explicitFileType = wrapper.application; includeInIndex = 0; path = ViperPractice.app; sourceTree = BUILT_PRODUCTS_DIR; };
		9B89C8A123F6BA3A00DB443C /* AppDelegate.swift */ = {isa = PBXFileReference; lastKnownFileType = sourcecode.swift; path = AppDelegate.swift; sourceTree = "<group>"; };
		9B89C8AA23F6BA3C00DB443C /* Assets.xcassets */ = {isa = PBXFileReference; lastKnownFileType = folder.assetcatalog; path = Assets.xcassets; sourceTree = "<group>"; };
		9B89C8AD23F6BA3C00DB443C /* Base */ = {isa = PBXFileReference; lastKnownFileType = file.storyboard; name = Base; path = Base.lproj/LaunchScreen.storyboard; sourceTree = "<group>"; };
		9B89C8AF23F6BA3C00DB443C /* Info.plist */ = {isa = PBXFileReference; lastKnownFileType = text.plist.xml; path = Info.plist; sourceTree = "<group>"; };
		9B89C8B523F6BA6400DB443C /* CandyEntity.swift */ = {isa = PBXFileReference; lastKnownFileType = sourcecode.swift; path = CandyEntity.swift; sourceTree = "<group>"; };
		9B89C8B723F6BA8E00DB443C /* CandyWorker.swift */ = {isa = PBXFileReference; lastKnownFileType = sourcecode.swift; path = CandyWorker.swift; sourceTree = "<group>"; };
		9B89C8B923F6BB5000DB443C /* CandyInteractor.swift */ = {isa = PBXFileReference; lastKnownFileType = sourcecode.swift; path = CandyInteractor.swift; sourceTree = "<group>"; };
		9B89C8BB23F6BD3800DB443C /* CandyPresenter.swift */ = {isa = PBXFileReference; lastKnownFileType = sourcecode.swift; path = CandyPresenter.swift; sourceTree = "<group>"; };
		9B89C8BF23F6BE6700DB443C /* CandyView.swift */ = {isa = PBXFileReference; lastKnownFileType = sourcecode.swift; path = CandyView.swift; sourceTree = "<group>"; };
		9B89C8C123F6C2F700DB443C /* CandyBuilder.swift */ = {isa = PBXFileReference; lastKnownFileType = sourcecode.swift; path = CandyBuilder.swift; sourceTree = "<group>"; };
		9BFBE81323FFC880006E4920 /* MainView.xib */ = {isa = PBXFileReference; lastKnownFileType = file.xib; path = MainView.xib; sourceTree = "<group>"; };
		9BFBE81723FFC992006E4920 /* MainEntity.swift */ = {isa = PBXFileReference; lastKnownFileType = sourcecode.swift; path = MainEntity.swift; sourceTree = "<group>"; };
		9BFBE81923FFC9AE006E4920 /* MainInteractor.swift */ = {isa = PBXFileReference; lastKnownFileType = sourcecode.swift; path = MainInteractor.swift; sourceTree = "<group>"; };
		9BFBE81B23FFC9BD006E4920 /* MainPresenter.swift */ = {isa = PBXFileReference; lastKnownFileType = sourcecode.swift; path = MainPresenter.swift; sourceTree = "<group>"; };
		9BFBE81D23FFC9C4006E4920 /* MainRouter.swift */ = {isa = PBXFileReference; lastKnownFileType = sourcecode.swift; path = MainRouter.swift; sourceTree = "<group>"; };
		9BFBE81F23FFC9CE006E4920 /* MainBuilder.swift */ = {isa = PBXFileReference; lastKnownFileType = sourcecode.swift; path = MainBuilder.swift; sourceTree = "<group>"; };
		9BFBE82123FFC9DA006E4920 /* MainWorker.swift */ = {isa = PBXFileReference; lastKnownFileType = sourcecode.swift; path = MainWorker.swift; sourceTree = "<group>"; };
		9BFBE82523FFCC35006E4920 /* MainView.swift */ = {isa = PBXFileReference; lastKnownFileType = sourcecode.swift; path = MainView.swift; sourceTree = "<group>"; };
/* End PBXFileReference section */

/* Begin PBXFrameworksBuildPhase section */
		9B89C89B23F6BA3A00DB443C /* Frameworks */ = {
			isa = PBXFrameworksBuildPhase;
			buildActionMask = 2147483647;
			files = (
			);
			runOnlyForDeploymentPostprocessing = 0;
		};
/* End PBXFrameworksBuildPhase section */

/* Begin PBXGroup section */
		9B24824E24127BE8005BC5E2 /* Protocol */ = {
			isa = PBXGroup;
			children = (
				9B13C68C24124E9700D7221E /* Viewable.swift */,
			);
			path = Protocol;
			sourceTree = "<group>";
		};
		9B3735BD240F7E8700D0B09B /* Entity */ = {
			isa = PBXGroup;
			children = (
				9BFBE81723FFC992006E4920 /* MainEntity.swift */,
				9B89C8B523F6BA6400DB443C /* CandyEntity.swift */,
			);
			path = Entity;
			sourceTree = "<group>";
		};
		9B3735BE240F7E8D00D0B09B /* Worker */ = {
			isa = PBXGroup;
			children = (
				9BFBE82123FFC9DA006E4920 /* MainWorker.swift */,
				9B89C8B723F6BA8E00DB443C /* CandyWorker.swift */,
			);
			path = Worker;
			sourceTree = "<group>";
		};
		9B3735BF240F7E9400D0B09B /* Interactor */ = {
			isa = PBXGroup;
			children = (
				9BFBE81923FFC9AE006E4920 /* MainInteractor.swift */,
				9B89C8B923F6BB5000DB443C /* CandyInteractor.swift */,
			);
			path = Interactor;
			sourceTree = "<group>";
		};
		9B3735C0240F7EA000D0B09B /* Router */ = {
			isa = PBXGroup;
			children = (
				9BFBE81D23FFC9C4006E4920 /* MainRouter.swift */,
				9B3735C4240F882900D0B09B /* CandyRouter.swift */,
			);
			path = Router;
			sourceTree = "<group>";
		};
		9B3735C1240F7EA900D0B09B /* Presenter */ = {
			isa = PBXGroup;
			children = (
				9BFBE81B23FFC9BD006E4920 /* MainPresenter.swift */,
				9B89C8BB23F6BD3800DB443C /* CandyPresenter.swift */,
			);
			path = Presenter;
			sourceTree = "<group>";
		};
		9B3735C2240F7ED500D0B09B /* View */ = {
			isa = PBXGroup;
			children = (
				9BFBE81323FFC880006E4920 /* MainView.xib */,
				9B0865F723FB88BC0040A6EC /* CandyView.xib */,
				9BFBE82523FFCC35006E4920 /* MainView.swift */,
				9B89C8BF23F6BE6700DB443C /* CandyView.swift */,
			);
			path = View;
			sourceTree = "<group>";
		};
		9B3735C3240F7F0300D0B09B /* Builder */ = {
			isa = PBXGroup;
			children = (
				9BFBE81F23FFC9CE006E4920 /* MainBuilder.swift */,
				9B89C8C123F6C2F700DB443C /* CandyBuilder.swift */,
			);
			path = Builder;
			sourceTree = "<group>";
		};
		9B89C89523F6BA3A00DB443C = {
			isa = PBXGroup;
			children = (
				9B89C8A023F6BA3A00DB443C /* ViperPractice */,
				9B89C89F23F6BA3A00DB443C /* Products */,
			);
			sourceTree = "<group>";
		};
		9B89C89F23F6BA3A00DB443C /* Products */ = {
			isa = PBXGroup;
			children = (
				9B89C89E23F6BA3A00DB443C /* ViperPractice.app */,
			);
			name = Products;
			sourceTree = "<group>";
		};
		9B89C8A023F6BA3A00DB443C /* ViperPractice */ = {
			isa = PBXGroup;
			children = (
				9B24824E24127BE8005BC5E2 /* Protocol */,
				9B3735C2240F7ED500D0B09B /* View */,
				9B3735C3240F7F0300D0B09B /* Builder */,
				9B3735C0240F7EA000D0B09B /* Router */,
				9B3735C1240F7EA900D0B09B /* Presenter */,
				9B3735BF240F7E9400D0B09B /* Interactor */,
				9B3735BE240F7E8D00D0B09B /* Worker */,
				9B3735BD240F7E8700D0B09B /* Entity */,
				9B89C8A123F6BA3A00DB443C /* AppDelegate.swift */,
				9B89C8AA23F6BA3C00DB443C /* Assets.xcassets */,
				9B89C8AC23F6BA3C00DB443C /* LaunchScreen.storyboard */,
				9B89C8AF23F6BA3C00DB443C /* Info.plist */,
			);
			path = ViperPractice;
			sourceTree = "<group>";
		};
/* End PBXGroup section */

/* Begin PBXNativeTarget section */
		9B89C89D23F6BA3A00DB443C /* ViperPractice */ = {
			isa = PBXNativeTarget;
			buildConfigurationList = 9B89C8B223F6BA3C00DB443C /* Build configuration list for PBXNativeTarget "ViperPractice" */;
			buildPhases = (
				9B89C89A23F6BA3A00DB443C /* Sources */,
				9B89C89B23F6BA3A00DB443C /* Frameworks */,
				9B89C89C23F6BA3A00DB443C /* Resources */,
			);
			buildRules = (
			);
			dependencies = (
			);
			name = ViperPractice;
			productName = ViperPractice;
			productReference = 9B89C89E23F6BA3A00DB443C /* ViperPractice.app */;
			productType = "com.apple.product-type.application";
		};
/* End PBXNativeTarget section */

/* Begin PBXProject section */
		9B89C89623F6BA3A00DB443C /* Project object */ = {
			isa = PBXProject;
			attributes = {
				LastSwiftUpdateCheck = 1120;
				LastUpgradeCheck = 1120;
				ORGANIZATIONNAME = "성다연";
				TargetAttributes = {
					9B89C89D23F6BA3A00DB443C = {
						CreatedOnToolsVersion = 11.2.1;
					};
				};
			};
			buildConfigurationList = 9B89C89923F6BA3A00DB443C /* Build configuration list for PBXProject "ViperPractice" */;
			compatibilityVersion = "Xcode 9.3";
			developmentRegion = en;
			hasScannedForEncodings = 0;
			knownRegions = (
				en,
				Base,
			);
			mainGroup = 9B89C89523F6BA3A00DB443C;
			productRefGroup = 9B89C89F23F6BA3A00DB443C /* Products */;
			projectDirPath = "";
			projectRoot = "";
			targets = (
				9B89C89D23F6BA3A00DB443C /* ViperPractice */,
			);
		};
/* End PBXProject section */

/* Begin PBXResourcesBuildPhase section */
		9B89C89C23F6BA3A00DB443C /* Resources */ = {
			isa = PBXResourcesBuildPhase;
			buildActionMask = 2147483647;
			files = (
				9B89C8AE23F6BA3C00DB443C /* LaunchScreen.storyboard in Resources */,
				9BFBE81423FFC880006E4920 /* MainView.xib in Resources */,
				9B0865F823FB88BC0040A6EC /* CandyView.xib in Resources */,
				9B89C8AB23F6BA3C00DB443C /* Assets.xcassets in Resources */,
			);
			runOnlyForDeploymentPostprocessing = 0;
		};
/* End PBXResourcesBuildPhase section */

/* Begin PBXSourcesBuildPhase section */
		9B89C89A23F6BA3A00DB443C /* Sources */ = {
			isa = PBXSourcesBuildPhase;
			buildActionMask = 2147483647;
			files = (
				9B89C8BA23F6BB5000DB443C /* CandyInteractor.swift in Sources */,
				9B89C8B823F6BA8E00DB443C /* CandyWorker.swift in Sources */,
				9B89C8B623F6BA6400DB443C /* CandyEntity.swift in Sources */,
				9BFBE81A23FFC9AE006E4920 /* MainInteractor.swift in Sources */,
				9BFBE82023FFC9CE006E4920 /* MainBuilder.swift in Sources */,
				9BFBE81E23FFC9C4006E4920 /* MainRouter.swift in Sources */,
				9B89C8BC23F6BD3800DB443C /* CandyPresenter.swift in Sources */,
				9BFBE81823FFC992006E4920 /* MainEntity.swift in Sources */,
				9B13C68D24124E9700D7221E /* Viewable.swift in Sources */,
				9BFBE82623FFCC35006E4920 /* MainView.swift in Sources */,
				9B89C8A223F6BA3A00DB443C /* AppDelegate.swift in Sources */,
				9BFBE81C23FFC9BD006E4920 /* MainPresenter.swift in Sources */,
				9B89C8C223F6C2F700DB443C /* CandyBuilder.swift in Sources */,
				9BFBE82223FFC9DA006E4920 /* MainWorker.swift in Sources */,
				9B3735C5240F882900D0B09B /* CandyRouter.swift in Sources */,
				9B89C8C023F6BE6700DB443C /* CandyView.swift in Sources */,
			);
			runOnlyForDeploymentPostprocessing = 0;
		};
/* End PBXSourcesBuildPhase section */

/* Begin PBXVariantGroup section */
		9B89C8AC23F6BA3C00DB443C /* LaunchScreen.storyboard */ = {
			isa = PBXVariantGroup;
			children = (
				9B89C8AD23F6BA3C00DB443C /* Base */,
			);
			name = LaunchScreen.storyboard;
			sourceTree = "<group>";
		};
/* End PBXVariantGroup section */

/* Begin XCBuildConfiguration section */
		9B89C8B023F6BA3C00DB443C /* Debug */ = {
			isa = XCBuildConfiguration;
			buildSettings = {
				ALWAYS_SEARCH_USER_PATHS = NO;
				CLANG_ANALYZER_NONNULL = YES;
				CLANG_ANALYZER_NUMBER_OBJECT_CONVERSION = YES_AGGRESSIVE;
				CLANG_CXX_LANGUAGE_STANDARD = "gnu++14";
				CLANG_CXX_LIBRARY = "libc++";
				CLANG_ENABLE_MODULES = YES;
				CLANG_ENABLE_OBJC_ARC = YES;
				CLANG_ENABLE_OBJC_WEAK = YES;
				CLANG_WARN_BLOCK_CAPTURE_AUTORELEASING = YES;
				CLANG_WARN_BOOL_CONVERSION = YES;
				CLANG_WARN_COMMA = YES;
				CLANG_WARN_CONSTANT_CONVERSION = YES;
				CLANG_WARN_DEPRECATED_OBJC_IMPLEMENTATIONS = YES;
				CLANG_WARN_DIRECT_OBJC_ISA_USAGE = YES_ERROR;
				CLANG_WARN_DOCUMENTATION_COMMENTS = YES;
				CLANG_WARN_EMPTY_BODY = YES;
				CLANG_WARN_ENUM_CONVERSION = YES;
				CLANG_WARN_INFINITE_RECURSION = YES;
				CLANG_WARN_INT_CONVERSION = YES;
				CLANG_WARN_NON_LITERAL_NULL_CONVERSION = YES;
				CLANG_WARN_OBJC_IMPLICIT_RETAIN_SELF = YES;
				CLANG_WARN_OBJC_LITERAL_CONVERSION = YES;
				CLANG_WARN_OBJC_ROOT_CLASS = YES_ERROR;
				CLANG_WARN_RANGE_LOOP_ANALYSIS = YES;
				CLANG_WARN_STRICT_PROTOTYPES = YES;
				CLANG_WARN_SUSPICIOUS_MOVE = YES;
				CLANG_WARN_UNGUARDED_AVAILABILITY = YES_AGGRESSIVE;
				CLANG_WARN_UNREACHABLE_CODE = YES;
				CLANG_WARN__DUPLICATE_METHOD_MATCH = YES;
				COPY_PHASE_STRIP = NO;
				DEBUG_INFORMATION_FORMAT = dwarf;
				ENABLE_STRICT_OBJC_MSGSEND = YES;
				ENABLE_TESTABILITY = YES;
				GCC_C_LANGUAGE_STANDARD = gnu11;
				GCC_DYNAMIC_NO_PIC = NO;
				GCC_NO_COMMON_BLOCKS = YES;
				GCC_OPTIMIZATION_LEVEL = 0;
				GCC_PREPROCESSOR_DEFINITIONS = (
					"DEBUG=1",
					"$(inherited)",
				);
				GCC_WARN_64_TO_32_BIT_CONVERSION = YES;
				GCC_WARN_ABOUT_RETURN_TYPE = YES_ERROR;
				GCC_WARN_UNDECLARED_SELECTOR = YES;
				GCC_WARN_UNINITIALIZED_AUTOS = YES_AGGRESSIVE;
				GCC_WARN_UNUSED_FUNCTION = YES;
				GCC_WARN_UNUSED_VARIABLE = YES;
				IPHONEOS_DEPLOYMENT_TARGET = 13.2;
				MTL_ENABLE_DEBUG_INFO = INCLUDE_SOURCE;
				MTL_FAST_MATH = YES;
				ONLY_ACTIVE_ARCH = YES;
				SDKROOT = iphoneos;
				SWIFT_ACTIVE_COMPILATION_CONDITIONS = DEBUG;
				SWIFT_OPTIMIZATION_LEVEL = "-Onone";
			};
			name = Debug;
		};
		9B89C8B123F6BA3C00DB443C /* Release */ = {
			isa = XCBuildConfiguration;
			buildSettings = {
				ALWAYS_SEARCH_USER_PATHS = NO;
				CLANG_ANALYZER_NONNULL = YES;
				CLANG_ANALYZER_NUMBER_OBJECT_CONVERSION = YES_AGGRESSIVE;
				CLANG_CXX_LANGUAGE_STANDARD = "gnu++14";
				CLANG_CXX_LIBRARY = "libc++";
				CLANG_ENABLE_MODULES = YES;
				CLANG_ENABLE_OBJC_ARC = YES;
				CLANG_ENABLE_OBJC_WEAK = YES;
				CLANG_WARN_BLOCK_CAPTURE_AUTORELEASING = YES;
				CLANG_WARN_BOOL_CONVERSION = YES;
				CLANG_WARN_COMMA = YES;
				CLANG_WARN_CONSTANT_CONVERSION = YES;
				CLANG_WARN_DEPRECATED_OBJC_IMPLEMENTATIONS = YES;
				CLANG_WARN_DIRECT_OBJC_ISA_USAGE = YES_ERROR;
				CLANG_WARN_DOCUMENTATION_COMMENTS = YES;
				CLANG_WARN_EMPTY_BODY = YES;
				CLANG_WARN_ENUM_CONVERSION = YES;
				CLANG_WARN_INFINITE_RECURSION = YES;
				CLANG_WARN_INT_CONVERSION = YES;
				CLANG_WARN_NON_LITERAL_NULL_CONVERSION = YES;
				CLANG_WARN_OBJC_IMPLICIT_RETAIN_SELF = YES;
				CLANG_WARN_OBJC_LITERAL_CONVERSION = YES;
				CLANG_WARN_OBJC_ROOT_CLASS = YES_ERROR;
				CLANG_WARN_RANGE_LOOP_ANALYSIS = YES;
				CLANG_WARN_STRICT_PROTOTYPES = YES;
				CLANG_WARN_SUSPICIOUS_MOVE = YES;
				CLANG_WARN_UNGUARDED_AVAILABILITY = YES_AGGRESSIVE;
				CLANG_WARN_UNREACHABLE_CODE = YES;
				CLANG_WARN__DUPLICATE_METHOD_MATCH = YES;
				COPY_PHASE_STRIP = NO;
				DEBUG_INFORMATION_FORMAT = "dwarf-with-dsym";
				ENABLE_NS_ASSERTIONS = NO;
				ENABLE_STRICT_OBJC_MSGSEND = YES;
				GCC_C_LANGUAGE_STANDARD = gnu11;
				GCC_NO_COMMON_BLOCKS = YES;
				GCC_WARN_64_TO_32_BIT_CONVERSION = YES;
				GCC_WARN_ABOUT_RETURN_TYPE = YES_ERROR;
				GCC_WARN_UNDECLARED_SELECTOR = YES;
				GCC_WARN_UNINITIALIZED_AUTOS = YES_AGGRESSIVE;
				GCC_WARN_UNUSED_FUNCTION = YES;
				GCC_WARN_UNUSED_VARIABLE = YES;
				IPHONEOS_DEPLOYMENT_TARGET = 13.2;
				MTL_ENABLE_DEBUG_INFO = NO;
				MTL_FAST_MATH = YES;
				SDKROOT = iphoneos;
				SWIFT_COMPILATION_MODE = wholemodule;
				SWIFT_OPTIMIZATION_LEVEL = "-O";
				VALIDATE_PRODUCT = YES;
			};
			name = Release;
		};
		9B89C8B323F6BA3C00DB443C /* Debug */ = {
			isa = XCBuildConfiguration;
			buildSettings = {
				ASSETCATALOG_COMPILER_APPICON_NAME = AppIcon;
				CODE_SIGN_IDENTITY = "iPhone Developer";
				CODE_SIGN_STYLE = Automatic;
				INFOPLIST_FILE = ViperPractice/Info.plist;
				LD_RUNPATH_SEARCH_PATHS = (
					"$(inherited)",
					"@executable_path/Frameworks",
				);
				PRODUCT_BUNDLE_IDENTIFIER = checkStudyList.ViperPractice;
				PRODUCT_NAME = "$(TARGET_NAME)";
				SWIFT_VERSION = 5.0;
				TARGETED_DEVICE_FAMILY = "1,2";
			};
			name = Debug;
		};
		9B89C8B423F6BA3C00DB443C /* Release */ = {
			isa = XCBuildConfiguration;
			buildSettings = {
				ASSETCATALOG_COMPILER_APPICON_NAME = AppIcon;
				CODE_SIGN_IDENTITY = "iPhone Developer";
				CODE_SIGN_STYLE = Automatic;
				INFOPLIST_FILE = ViperPractice/Info.plist;
				LD_RUNPATH_SEARCH_PATHS = (
					"$(inherited)",
					"@executable_path/Frameworks",
				);
				PRODUCT_BUNDLE_IDENTIFIER = checkStudyList.ViperPractice;
				PRODUCT_NAME = "$(TARGET_NAME)";
				SWIFT_VERSION = 5.0;
				TARGETED_DEVICE_FAMILY = "1,2";
			};
			name = Release;
		};
/* End XCBuildConfiguration section */

/* Begin XCConfigurationList section */
		9B89C89923F6BA3A00DB443C /* Build configuration list for PBXProject "ViperPractice" */ = {
			isa = XCConfigurationList;
			buildConfigurations = (
				9B89C8B023F6BA3C00DB443C /* Debug */,
				9B89C8B123F6BA3C00DB443C /* Release */,
			);
			defaultConfigurationIsVisible = 0;
			defaultConfigurationName = Release;
		};
		9B89C8B223F6BA3C00DB443C /* Build configuration list for PBXNativeTarget "ViperPractice" */ = {
			isa = XCConfigurationList;
			buildConfigurations = (
				9B89C8B323F6BA3C00DB443C /* Debug */,
				9B89C8B423F6BA3C00DB443C /* Release */,
			);
			defaultConfigurationIsVisible = 0;
			defaultConfigurationName = Release;
		};
/* End XCConfigurationList section */
	};
	rootObject = 9B89C89623F6BA3A00DB443C /* Project object */;
}
